
Microsoft Visual Studio Solution File, Format Version 11.00
# Visual Studio 2010
Project("{FAE04EC0-301F-11D3-BF4B-00C04F79EFBC}") = "Mikako", "Mikako\Mikako.csproj", "{AEE0051E-513A-4657-82F8-0343A670C0C0}"
EndProject
Project("{FAE04EC0-301F-11D3-BF4B-00C04F79EFBC}") = "DBHelperCe", "DBHelperCe\DBHelperCe.csproj", "{21FEDC30-A6E8-46E6-AA27-4F5CEF4D2EC3}"
EndProject
Project("{FAE04EC0-301F-11D3-BF4B-00C04F79EFBC}") = "DBMapper", "DBMapper\DBMapper.csproj", "{682E078F-630A-40FF-A8A1-37E0082C8BD2}"
EndProject
Project("{FAE04EC0-301F-11D3-BF4B-00C04F79EFBC}") = "XML", "XML\XML.csproj", "{7A9BE471-6630-41F0-963E-DC2F25C0D6B8}"
EndProject
Project("{FAE04EC0-301F-11D3-BF4B-00C04F79EFBC}") = "DBMock", "DBMock\DBMock.csproj", "{798FD7AC-C369-484B-BAF5-89803C855905}"
EndProject
Global
	GlobalSection(SolutionConfigurationPlatforms) = preSolution
		Debug|Any CPU = Debug|Any CPU
		Release|Any CPU = Release|Any CPU
	EndGlobalSection
	GlobalSection(ProjectConfigurationPlatforms) = postSolution
		{AEE0051E-513A-4657-82F8-0343A670C0C0}.Debug|Any CPU.ActiveCfg = Debug|Any CPU
		{AEE0051E-513A-4657-82F8-0343A670C0C0}.Debug|Any CPU.Build.0 = Debug|Any CPU
		{AEE0051E-513A-4657-82F8-0343A670C0C0}.Release|Any CPU.ActiveCfg = Release|Any CPU
		{AEE0051E-513A-4657-82F8-0343A670C0C0}.Release|Any CPU.Build.0 = Release|Any CPU
		{21FEDC30-A6E8-46E6-AA27-4F5CEF4D2EC3}.Debug|Any CPU.ActiveCfg = Debug|Any CPU
		{21FEDC30-A6E8-46E6-AA27-4F5CEF4D2EC3}.Debug|Any CPU.Build.0 = Debug|Any CPU
		{21FEDC30-A6E8-46E6-AA27-4F5CEF4D2EC3}.Release|Any CPU.ActiveCfg = Release|Any CPU
		{21FEDC30-A6E8-46E6-AA27-4F5CEF4D2EC3}.Release|Any CPU.Build.0 = Release|Any CPU
		{682E078F-630A-40FF-A8A1-37E0082C8BD2}.Debug|Any CPU.ActiveCfg = Debug|Any CPU
		{682E078F-630A-40FF-A8A1-37E0082C8BD2}.Debug|Any CPU.Build.0 = Debug|Any CPU
		{682E078F-630A-40FF-A8A1-37E0082C8BD2}.Release|Any CPU.ActiveCfg = Release|Any CPU
		{682E078F-630A-40FF-A8A1-37E0082C8BD2}.Release|Any CPU.Build.0 = Release|Any CPU
		{7A9BE471-6630-41F0-963E-DC2F25C0D6B8}.Debug|Any CPU.ActiveCfg = Debug|Any CPU
		{7A9BE471-6630-41F0-963E-DC2F25C0D6B8}.Debug|Any CPU.Build.0 = Debug|Any CPU
		{7A9BE471-6630-41F0-963E-DC2F25C0D6B8}.Release|Any CPU.ActiveCfg = Release|Any CPU
		{7A9BE471-6630-41F0-963E-DC2F25C0D6B8}.Release|Any CPU.Build.0 = Release|Any CPU
		{798FD7AC-C369-484B-BAF5-89803C855905}.Debug|Any CPU.ActiveCfg = Debug|Any CPU
		{798FD7AC-C369-484B-BAF5-89803C855905}.Debug|Any CPU.Build.0 = Debug|Any CPU
		{798FD7AC-C369-484B-BAF5-89803C855905}.Release|Any CPU.ActiveCfg = Release|Any CPU
		{798FD7AC-C369-484B-BAF5-89803C855905}.Release|Any CPU.Build.0 = Release|Any CPU
	EndGlobalSection
	GlobalSection(SolutionProperties) = preSolution
		HideSolutionNode = FALSE
	EndGlobalSection
EndGlobal
